
Microsoft Visual Studio Solution File, Format Version 12.00
# Visual Studio Version 17
VisualStudioVersion = 17.14.36127.28 d17.14
MinimumVisualStudioVersion = 10.0.40219.1
Project("{FAE04EC0-301F-11D3-BF4B-00C04F79EFBC}") = "ExchangeMelina", "ExchangeMelina\ExchangeMelina.csproj", "{E97D1A1E-48BD-4A7F-BAF8-9F0623C7AB35}"
EndProject
Global
	GlobalSection(SolutionConfigurationPlatforms) = preSolution
		Debug|Any CPU = Debug|Any CPU
		Release|Any CPU = Release|Any CPU
	EndGlobalSection
	GlobalSection(ProjectConfigurationPlatforms) = postSolution
		{E97D1A1E-48BD-4A7F-BAF8-9F0623C7AB35}.Debug|Any CPU.ActiveCfg = Debug|Any CPU
		{E97D1A1E-48BD-4A7F-BAF8-9F0623C7AB35}.Debug|Any CPU.Build.0 = Debug|Any CPU
		{E97D1A1E-48BD-4A7F-BAF8-9F0623C7AB35}.Release|Any CPU.ActiveCfg = Release|Any CPU
		{E97D1A1E-48BD-4A7F-BAF8-9F0623C7AB35}.Release|Any CPU.Build.0 = Release|Any CPU
	EndGlobalSection
	GlobalSection(SolutionProperties) = preSolution
		HideSolutionNode = FALSE
	EndGlobalSection
	GlobalSection(ExtensibilityGlobals) = postSolution
		SolutionGuid = {D1048AD7-7E27-4B1E-BCAA-593910F32A63}
	EndGlobalSection
EndGlobal
